<Solution>
    <Folder Name="/Solution Items/">
        <File Path=".editorconfig" />
        <File Path=".gitignore" />
        <File Path="install.cmd" />
        <File Path="install.ps1" />
        <File Path="install.sh" />
        <File Path="LICENSE" />
        <File Path="README.md" />
    </Folder>
    <Project Path="ClaudeWorkspacePicker\ClaudeWorkspacePicker.csproj" />
</Solution>
